
Microsoft Visual Studio Solution File, Format Version 12.00
# Visual Studio Version 17
VisualStudioVersion = 17.12.35527.113
MinimumVisualStudioVersion = 10.0.40219.1
Project("{FAE04EC0-301F-11D3-BF4B-00C04F79EFBC}") = "DevelopmentSucks.API", "DevelopmentSucks.API\DevelopmentSucks.API.csproj", "{EFB4737D-1722-45C6-9312-9BE8A635C3F1}"
EndProject
Project("{FAE04EC0-301F-11D3-BF4B-00C04F79EFBC}") = "DevelopmentSucks.Application", "DevelopmentSucks.Application\DevelopmentSucks.Application.csproj", "{16E64CAA-D38C-4459-8A4D-CB1D8647146F}"
EndProject
Project("{FAE04EC0-301F-11D3-BF4B-00C04F79EFBC}") = "DevelopmentSucks.Domain", "DevelopmentSucks.Domain\DevelopmentSucks.Domain.csproj", "{4AF7F470-F6F3-4E10-A4AF-5DA4D748D591}"
EndProject
Project("{FAE04EC0-301F-11D3-BF4B-00C04F79EFBC}") = "DevelopmentSucks.Infrastructure", "DevelopmentSucks.Infrastructure\DevelopmentSucks.Infrastructure.csproj", "{7E0F0750-6CB4-407F-958C-CF47DDEA1248}"
EndProject
Project("{FAE04EC0-301F-11D3-BF4B-00C04F79EFBC}") = "DevelopmentSucks.Tests", "DevelopmentSucks.Tests\DevelopmentSucks.Tests.csproj", "{CA7E6905-E89D-4A10-9F8A-0FF67E22978B}"
EndProject
Project("{FAE04EC0-301F-11D3-BF4B-00C04F79EFBC}") = "Subscriber", "Subscriber\Subscriber.csproj", "{12FF2449-134D-4070-A718-CD1883E2DF14}"
EndProject
Global
	GlobalSection(SolutionConfigurationPlatforms) = preSolution
		Debug|Any CPU = Debug|Any CPU
		Release|Any CPU = Release|Any CPU
	EndGlobalSection
	GlobalSection(ProjectConfigurationPlatforms) = postSolution
		{EFB4737D-1722-45C6-9312-9BE8A635C3F1}.Debug|Any CPU.ActiveCfg = Debug|Any CPU
		{EFB4737D-1722-45C6-9312-9BE8A635C3F1}.Debug|Any CPU.Build.0 = Debug|Any CPU
		{EFB4737D-1722-45C6-9312-9BE8A635C3F1}.Release|Any CPU.ActiveCfg = Release|Any CPU
		{EFB4737D-1722-45C6-9312-9BE8A635C3F1}.Release|Any CPU.Build.0 = Release|Any CPU
		{16E64CAA-D38C-4459-8A4D-CB1D8647146F}.Debug|Any CPU.ActiveCfg = Debug|Any CPU
		{16E64CAA-D38C-4459-8A4D-CB1D8647146F}.Debug|Any CPU.Build.0 = Debug|Any CPU
		{16E64CAA-D38C-4459-8A4D-CB1D8647146F}.Release|Any CPU.ActiveCfg = Release|Any CPU
		{16E64CAA-D38C-4459-8A4D-CB1D8647146F}.Release|Any CPU.Build.0 = Release|Any CPU
		{4AF7F470-F6F3-4E10-A4AF-5DA4D748D591}.Debug|Any CPU.ActiveCfg = Debug|Any CPU
		{4AF7F470-F6F3-4E10-A4AF-5DA4D748D591}.Debug|Any CPU.Build.0 = Debug|Any CPU
		{4AF7F470-F6F3-4E10-A4AF-5DA4D748D591}.Release|Any CPU.ActiveCfg = Release|Any CPU
		{4AF7F470-F6F3-4E10-A4AF-5DA4D748D591}.Release|Any CPU.Build.0 = Release|Any CPU
		{7E0F0750-6CB4-407F-958C-CF47DDEA1248}.Debug|Any CPU.ActiveCfg = Debug|Any CPU
		{7E0F0750-6CB4-407F-958C-CF47DDEA1248}.Debug|Any CPU.Build.0 = Debug|Any CPU
		{7E0F0750-6CB4-407F-958C-CF47DDEA1248}.Release|Any CPU.ActiveCfg = Release|Any CPU
		{7E0F0750-6CB4-407F-958C-CF47DDEA1248}.Release|Any CPU.Build.0 = Release|Any CPU
		{CA7E6905-E89D-4A10-9F8A-0FF67E22978B}.Debug|Any CPU.ActiveCfg = Debug|Any CPU
		{CA7E6905-E89D-4A10-9F8A-0FF67E22978B}.Debug|Any CPU.Build.0 = Debug|Any CPU
		{CA7E6905-E89D-4A10-9F8A-0FF67E22978B}.Release|Any CPU.ActiveCfg = Release|Any CPU
		{CA7E6905-E89D-4A10-9F8A-0FF67E22978B}.Release|Any CPU.Build.0 = Release|Any CPU
		{12FF2449-134D-4070-A718-CD1883E2DF14}.Debug|Any CPU.ActiveCfg = Debug|Any CPU
		{12FF2449-134D-4070-A718-CD1883E2DF14}.Debug|Any CPU.Build.0 = Debug|Any CPU
		{12FF2449-134D-4070-A718-CD1883E2DF14}.Release|Any CPU.ActiveCfg = Release|Any CPU
		{12FF2449-134D-4070-A718-CD1883E2DF14}.Release|Any CPU.Build.0 = Release|Any CPU
	EndGlobalSection
	GlobalSection(SolutionProperties) = preSolution
		HideSolutionNode = FALSE
	EndGlobalSection
EndGlobal
